
Microsoft Visual Studio Solution File, Format Version 12.00
# Visual Studio Version 17
VisualStudioVersion = 17.7.34018.315
MinimumVisualStudioVersion = 10.0.40219.1
Project("{FAE04EC0-301F-11D3-BF4B-00C04F79EFBC}") = "assessment", "assessment\assessment.csproj", "{5FF7E366-1F27-4C89-BCEA-1922CF1BCF74}"
EndProject
Global
	GlobalSection(SolutionConfigurationPlatforms) = preSolution
		Debug|Any CPU = Debug|Any CPU
		Release|Any CPU = Release|Any CPU
	EndGlobalSection
	GlobalSection(ProjectConfigurationPlatforms) = postSolution
		{5FF7E366-1F27-4C89-BCEA-1922CF1BCF74}.Debug|Any CPU.ActiveCfg = Debug|Any CPU
		{5FF7E366-1F27-4C89-BCEA-1922CF1BCF74}.Debug|Any CPU.Build.0 = Debug|Any CPU
		{5FF7E366-1F27-4C89-BCEA-1922CF1BCF74}.Release|Any CPU.ActiveCfg = Release|Any CPU
		{5FF7E366-1F27-4C89-BCEA-1922CF1BCF74}.Release|Any CPU.Build.0 = Release|Any CPU
	EndGlobalSection
	GlobalSection(SolutionProperties) = preSolution
		HideSolutionNode = FALSE
	EndGlobalSection
	GlobalSection(ExtensibilityGlobals) = postSolution
		SolutionGuid = {5D97E8D3-5346-40D5-BBB1-D8329EBB5A3A}
	EndGlobalSection
EndGlobal
